// !$*UTF8*$!
{
	archiveVersion = 1;
	classes = {
	};
	objectVersion = 50;
	objects = {

/* Begin PBXBuildFile section */
		17A54D6F2645149E00EBB42C /* AppDelegate.swift in Sources */ = {isa = PBXBuildFile; fileRef = 17A54D6E2645149E00EBB42C /* AppDelegate.swift */; };
		17A54D712645149E00EBB42C /* SceneDelegate.swift in Sources */ = {isa = PBXBuildFile; fileRef = 17A54D702645149E00EBB42C /* SceneDelegate.swift */; };
		17A54D732645149E00EBB42C /* ViewController.swift in Sources */ = {isa = PBXBuildFile; fileRef = 17A54D722645149E00EBB42C /* ViewController.swift */; };
		17A54D762645149E00EBB42C /* Main.storyboard in Resources */ = {isa = PBXBuildFile; fileRef = 17A54D742645149E00EBB42C /* Main.storyboard */; };
		17A54D78264514A100EBB42C /* Assets.xcassets in Resources */ = {isa = PBXBuildFile; fileRef = 17A54D77264514A100EBB42C /* Assets.xcassets */; };
		17A54D7B264514A100EBB42C /* LaunchScreen.storyboard in Resources */ = {isa = PBXBuildFile; fileRef = 17A54D79264514A100EBB42C /* LaunchScreen.storyboard */; };
		C2006547CB1D13A1FD7B790E /* libPods-awesomeApp.a in Frameworks */ = {isa = PBXBuildFile; fileRef = 3C2D4E553CADCA89F336DC60 /* libPods-awesomeApp.a */; };
/* End PBXBuildFile section */

/* Begin PBXFileReference section */
		17A54D6B2645149E00EBB42C /* awesomeApp.app */ = {isa = PBXFileReference; explicitFileType = wrapper.application; includeInIndex = 0; path = awesomeApp.app; sourceTree = BUILT_PRODUCTS_DIR; };
		17A54D6E2645149E00EBB42C /* AppDelegate.swift */ = {isa = PBXFileReference; lastKnownFileType = sourcecode.swift; path = AppDelegate.swift; sourceTree = "<group>"; };
		17A54D702645149E00EBB42C /* SceneDelegate.swift */ = {isa = PBXFileReference; lastKnownFileType = sourcecode.swift; path = SceneDelegate.swift; sourceTree = "<group>"; };
		17A54D722645149E00EBB42C /* ViewController.swift */ = {isa = PBXFileReference; lastKnownFileType = sourcecode.swift; path = ViewController.swift; sourceTree = "<group>"; };
		17A54D752645149E00EBB42C /* Base */ = {isa = PBXFileReference; lastKnownFileType = file.storyboard; name = Base; path = Base.lproj/Main.storyboard; sourceTree = "<group>"; };
		17A54D77264514A100EBB42C /* Assets.xcassets */ = {isa = PBXFileReference; lastKnownFileType = folder.assetcatalog; path = Assets.xcassets; sourceTree = "<group>"; };
		17A54D7A264514A100EBB42C /* Base */ = {isa = PBXFileReference; lastKnownFileType = file.storyboard; name = Base; path = Base.lproj/LaunchScreen.storyboard; sourceTree = "<group>"; };
		17A54D7C264514A100EBB42C /* Info.plist */ = {isa = PBXFileReference; lastKnownFileType = text.plist.xml; path = Info.plist; sourceTree = "<group>"; };
		3897FA916A52370115108497 /* Pods-awesomeApp.debug.xcconfig */ = {isa = PBXFileReference; includeInIndex = 1; lastKnownFileType = text.xcconfig; name = "Pods-awesomeApp.debug.xcconfig"; path = "Target Support Files/Pods-awesomeApp/Pods-awesomeApp.debug.xcconfig"; sourceTree = "<group>"; };
		3C2D4E553CADCA89F336DC60 /* libPods-awesomeApp.a */ = {isa = PBXFileReference; explicitFileType = archive.ar; includeInIndex = 0; path = "libPods-awesomeApp.a"; sourceTree = BUILT_PRODUCTS_DIR; };
		FC0B19BB8E125AC2D081FA88 /* Pods-awesomeApp.release.xcconfig */ = {isa = PBXFileReference; includeInIndex = 1; lastKnownFileType = text.xcconfig; name = "Pods-awesomeApp.release.xcconfig"; path = "Target Support Files/Pods-awesomeApp/Pods-awesomeApp.release.xcconfig"; sourceTree = "<group>"; };
/* End PBXFileReference section */

/* Begin PBXFrameworksBuildPhase section */
		17A54D682645149E00EBB42C /* Frameworks */ = {
			isa = PBXFrameworksBuildPhase;
			buildActionMask = 2147483647;
			files = (
				C2006547CB1D13A1FD7B790E /* libPods-awesomeApp.a in Frameworks */,
			);
			runOnlyForDeploymentPostprocessing = 0;
		};
/* End PBXFrameworksBuildPhase section */

/* Begin PBXGroup section */
		17A54D622645149E00EBB42C = {
			isa = PBXGroup;
			children = (
				17A54D6D2645149E00EBB42C /* awesomeApp */,
				17A54D6C2645149E00EBB42C /* Products */,
				7382CDD9C136C216A15A4159 /* Pods */,
				BCB2D469CE536095AD095706 /* Frameworks */,
			);
			sourceTree = "<group>";
		};
		17A54D6C2645149E00EBB42C /* Products */ = {
			isa = PBXGroup;
			children = (
				17A54D6B2645149E00EBB42C /* awesomeApp.app */,
			);
			name = Products;
			sourceTree = "<group>";
		};
		17A54D6D2645149E00EBB42C /* awesomeApp */ = {
			isa = PBXGroup;
			children = (
				17A54D6E2645149E00EBB42C /* AppDelegate.swift */,
				17A54D702645149E00EBB42C /* SceneDelegate.swift */,
				17A54D722645149E00EBB42C /* ViewController.swift */,
				17A54D742645149E00EBB42C /* Main.storyboard */,
				17A54D77264514A100EBB42C /* Assets.xcassets */,
				17A54D79264514A100EBB42C /* LaunchScreen.storyboard */,
				17A54D7C264514A100EBB42C /* Info.plist */,
			);
			path = awesomeApp;
			sourceTree = "<group>";
		};
		7382CDD9C136C216A15A4159 /* Pods */ = {
			isa = PBXGroup;
			children = (
				3897FA916A52370115108497 /* Pods-awesomeApp.debug.xcconfig */,
				FC0B19BB8E125AC2D081FA88 /* Pods-awesomeApp.release.xcconfig */,
			);
			name = Pods;
			path = Pods;
			sourceTree = "<group>";
		};
		BCB2D469CE536095AD095706 /* Frameworks */ = {
			isa = PBXGroup;
			children = (
				3C2D4E553CADCA89F336DC60 /* libPods-awesomeApp.a */,
			);
			name = Frameworks;
			sourceTree = "<group>";
		};
/* End PBXGroup section */

/* Begin PBXNativeTarget section */
		17A54D6A2645149E00EBB42C /* awesomeApp */ = {
			isa = PBXNativeTarget;
			buildConfigurationList = 17A54D7F264514A100EBB42C /* Build configuration list for PBXNativeTarget "awesomeApp" */;
			buildPhases = (
				930BC40AB0051B3CE9B1C403 /* [CP] Check Pods Manifest.lock */,
				17A54D672645149E00EBB42C /* Sources */,
				17A54D682645149E00EBB42C /* Frameworks */,
				17A54D692645149E00EBB42C /* Resources */,
				D75DDDAB1425A7C693421237 /* [CP] Copy Pods Resources */,
			);
			buildRules = (
			);
			dependencies = (
			);
			name = awesomeApp;
			productName = awesomeApp;
			productReference = 17A54D6B2645149E00EBB42C /* awesomeApp.app */;
			productType = "com.apple.product-type.application";
		};
/* End PBXNativeTarget section */

/* Begin PBXProject section */
		17A54D632645149E00EBB42C /* Project object */ = {
			isa = PBXProject;
			attributes = {
				LastSwiftUpdateCheck = 1240;
				LastUpgradeCheck = 1240;
				TargetAttributes = {
					17A54D6A2645149E00EBB42C = {
						CreatedOnToolsVersion = 12.4;
					};
				};
			};
			buildConfigurationList = 17A54D662645149E00EBB42C /* Build configuration list for PBXProject "awesomeApp" */;
			compatibilityVersion = "Xcode 9.3";
			developmentRegion = en;
			hasScannedForEncodings = 0;
			knownRegions = (
				en,
				Base,
			);
			mainGroup = 17A54D622645149E00EBB42C;
			productRefGroup = 17A54D6C2645149E00EBB42C /* Products */;
			projectDirPath = "";
			projectRoot = "";
			targets = (
				17A54D6A2645149E00EBB42C /* awesomeApp */,
			);
		};
/* End PBXProject section */

/* Begin PBXResourcesBuildPhase section */
		17A54D692645149E00EBB42C /* Resources */ = {
			isa = PBXResourcesBuildPhase;
			buildActionMask = 2147483647;
			files = (
				17A54D7B264514A100EBB42C /* LaunchScreen.storyboard in Resources */,
				17A54D78264514A100EBB42C /* Assets.xcassets in Resources */,
				17A54D762645149E00EBB42C /* Main.storyboard in Resources */,
			);
			runOnlyForDeploymentPostprocessing = 0;
		};
/* End PBXResourcesBuildPhase section */

/* Begin PBXShellScriptBuildPhase section */
		930BC40AB0051B3CE9B1C403 /* [CP] Check Pods Manifest.lock */ = {
			isa = PBXShellScriptBuildPhase;
			buildActionMask = 2147483647;
			files = (
			);
			inputFileListPaths = (
			);
			inputPaths = (
				"${PODS_PODFILE_DIR_PATH}/Podfile.lock",
				"${PODS_ROOT}/Manifest.lock",
			);
			name = "[CP] Check Pods Manifest.lock";
			outputFileListPaths = (
			);
			outputPaths = (
				"$(DERIVED_FILE_DIR)/Pods-awesomeApp-checkManifestLockResult.txt",
			);
			runOnlyForDeploymentPostprocessing = 0;
			shellPath = /bin/sh;
			shellScript = "diff \"${PODS_PODFILE_DIR_PATH}/Podfile.lock\" \"${PODS_ROOT}/Manifest.lock\" > /dev/null\nif [ $? != 0 ] ; then\n    # print error to STDERR\n    echo \"error: The sandbox is not in sync with the Podfile.lock. Run 'pod install' or update your CocoaPods installation.\" >&2\n    exit 1\nfi\n# This output is used by Xcode 'outputs' to avoid re-running this script phase.\necho \"SUCCESS\" > \"${SCRIPT_OUTPUT_FILE_0}\"\n";
			showEnvVarsInLog = 0;
		};
		D75DDDAB1425A7C693421237 /* [CP] Copy Pods Resources */ = {
			isa = PBXShellScriptBuildPhase;
			buildActionMask = 2147483647;
			files = (
			);
			inputFileListPaths = (
				"${PODS_ROOT}/Target Support Files/Pods-awesomeApp/Pods-awesomeApp-resources-${CONFIGURATION}-input-files.xcfilelist",
			);
			name = "[CP] Copy Pods Resources";
			outputFileListPaths = (
				"${PODS_ROOT}/Target Support Files/Pods-awesomeApp/Pods-awesomeApp-resources-${CONFIGURATION}-output-files.xcfilelist",
			);
			runOnlyForDeploymentPostprocessing = 0;
			shellPath = /bin/sh;
			shellScript = "\"${PODS_ROOT}/Target Support Files/Pods-awesomeApp/Pods-awesomeApp-resources.sh\"\n";
			showEnvVarsInLog = 0;
		};
/* End PBXShellScriptBuildPhase section */

/* Begin PBXSourcesBuildPhase section */
		17A54D672645149E00EBB42C /* Sources */ = {
			isa = PBXSourcesBuildPhase;
			buildActionMask = 2147483647;
			files = (
				17A54D732645149E00EBB42C /* ViewController.swift in Sources */,
				17A54D6F2645149E00EBB42C /* AppDelegate.swift in Sources */,
				17A54D712645149E00EBB42C /* SceneDelegate.swift in Sources */,
			);
			runOnlyForDeploymentPostprocessing = 0;
		};
/* End PBXSourcesBuildPhase section */

/* Begin PBXVariantGroup section */
		17A54D742645149E00EBB42C /* Main.storyboard */ = {
			isa = PBXVariantGroup;
			children = (
				17A54D752645149E00EBB42C /* Base */,
			);
			name = Main.storyboard;
			sourceTree = "<group>";
		};
		17A54D79264514A100EBB42C /* LaunchScreen.storyboard */ = {
			isa = PBXVariantGroup;
			children = (
				17A54D7A264514A100EBB42C /* Base */,
			);
			name = LaunchScreen.storyboard;
			sourceTree = "<group>";
		};
/* End PBXVariantGroup section */

/* Begin XCBuildConfiguration section */
		17A54D7D264514A100EBB42C /* Debug */ = {
			isa = XCBuildConfiguration;
			buildSettings = {
				ALWAYS_SEARCH_USER_PATHS = NO;
				CLANG_ANALYZER_NONNULL = YES;
				CLANG_ANALYZER_NUMBER_OBJECT_CONVERSION = YES_AGGRESSIVE;
				CLANG_CXX_LANGUAGE_STANDARD = "gnu++14";
				CLANG_CXX_LIBRARY = "libc++";
				CLANG_ENABLE_MODULES = YES;
				CLANG_ENABLE_OBJC_ARC = YES;
				CLANG_ENABLE_OBJC_WEAK = YES;
				CLANG_WARN_BLOCK_CAPTURE_AUTORELEASING = YES;
				CLANG_WARN_BOOL_CONVERSION = YES;
				CLANG_WARN_COMMA = YES;
				CLANG_WARN_CONSTANT_CONVERSION = YES;
				CLANG_WARN_DEPRECATED_OBJC_IMPLEMENTATIONS = YES;
				CLANG_WARN_DIRECT_OBJC_ISA_USAGE = YES_ERROR;
				CLANG_WARN_DOCUMENTATION_COMMENTS = YES;
				CLANG_WARN_EMPTY_BODY = YES;
				CLANG_WARN_ENUM_CONVERSION = YES;
				CLANG_WARN_INFINITE_RECURSION = YES;
				CLANG_WARN_INT_CONVERSION = YES;
				CLANG_WARN_NON_LITERAL_NULL_CONVERSION = YES;
				CLANG_WARN_OBJC_IMPLICIT_RETAIN_SELF = YES;
				CLANG_WARN_OBJC_LITERAL_CONVERSION = YES;
				CLANG_WARN_OBJC_ROOT_CLASS = YES_ERROR;
				CLANG_WARN_QUOTED_INCLUDE_IN_FRAMEWORK_HEADER = YES;
				CLANG_WARN_RANGE_LOOP_ANALYSIS = YES;
				CLANG_WARN_STRICT_PROTOTYPES = YES;
				CLANG_WARN_SUSPICIOUS_MOVE = YES;
				CLANG_WARN_UNGUARDED_AVAILABILITY = YES_AGGRESSIVE;
				CLANG_WARN_UNREACHABLE_CODE = YES;
				CLANG_WARN__DUPLICATE_METHOD_MATCH = YES;
				COPY_PHASE_STRIP = NO;
				DEBUG_INFORMATION_FORMAT = dwarf;
				ENABLE_STRICT_OBJC_MSGSEND = YES;
				ENABLE_TESTABILITY = YES;
				GCC_C_LANGUAGE_STANDARD = gnu11;
				GCC_DYNAMIC_NO_PIC = NO;
				GCC_NO_COMMON_BLOCKS = YES;
				GCC_OPTIMIZATION_LEVEL = 0;
				GCC_PREPROCESSOR_DEFINITIONS = (
					"DEBUG=1",
					"$(inherited)",
				);
				GCC_WARN_64_TO_32_BIT_CONVERSION = YES;
				GCC_WARN_ABOUT_RETURN_TYPE = YES_ERROR;
				GCC_WARN_UNDECLARED_SELECTOR = YES;
				GCC_WARN_UNINITIALIZED_AUTOS = YES_AGGRESSIVE;
				GCC_WARN_UNUSED_FUNCTION = YES;
				GCC_WARN_UNUSED_VARIABLE = YES;
				IPHONEOS_DEPLOYMENT_TARGET = 14.4;
				MTL_ENABLE_DEBUG_INFO = INCLUDE_SOURCE;
				MTL_FAST_MATH = YES;
				ONLY_ACTIVE_ARCH = YES;
				SDKROOT = iphoneos;
				SWIFT_ACTIVE_COMPILATION_CONDITIONS = DEBUG;
				SWIFT_OPTIMIZATION_LEVEL = "-Onone";
			};
			name = Debug;
		};
		17A54D7E264514A100EBB42C /* Release */ = {
			isa = XCBuildConfiguration;
			buildSettings = {
				ALWAYS_SEARCH_USER_PATHS = NO;
				CLANG_ANALYZER_NONNULL = YES;
				CLANG_ANALYZER_NUMBER_OBJECT_CONVERSION = YES_AGGRESSIVE;
				CLANG_CXX_LANGUAGE_STANDARD = "gnu++14";
				CLANG_CXX_LIBRARY = "libc++";
				CLANG_ENABLE_MODULES = YES;
				CLANG_ENABLE_OBJC_ARC = YES;
				CLANG_ENABLE_OBJC_WEAK = YES;
				CLANG_WARN_BLOCK_CAPTURE_AUTORELEASING = YES;
				CLANG_WARN_BOOL_CONVERSION = YES;
				CLANG_WARN_COMMA = YES;
				CLANG_WARN_CONSTANT_CONVERSION = YES;
				CLANG_WARN_DEPRECATED_OBJC_IMPLEMENTATIONS = YES;
				CLANG_WARN_DIRECT_OBJC_ISA_USAGE = YES_ERROR;
				CLANG_WARN_DOCUMENTATION_COMMENTS = YES;
				CLANG_WARN_EMPTY_BODY = YES;
				CLANG_WARN_ENUM_CONVERSION = YES;
				CLANG_WARN_INFINITE_RECURSION = YES;
				CLANG_WARN_INT_CONVERSION = YES;
				CLANG_WARN_NON_LITERAL_NULL_CONVERSION = YES;
				CLANG_WARN_OBJC_IMPLICIT_RETAIN_SELF = YES;
				CLANG_WARN_OBJC_LITERAL_CONVERSION = YES;
				CLANG_WARN_OBJC_ROOT_CLASS = YES_ERROR;
				CLANG_WARN_QUOTED_INCLUDE_IN_FRAMEWORK_HEADER = YES;
				CLANG_WARN_RANGE_LOOP_ANALYSIS = YES;
				CLANG_WARN_STRICT_PROTOTYPES = YES;
				CLANG_WARN_SUSPICIOUS_MOVE = YES;
				CLANG_WARN_UNGUARDED_AVAILABILITY = YES_AGGRESSIVE;
				CLANG_WARN_UNREACHABLE_CODE = YES;
				CLANG_WARN__DUPLICATE_METHOD_MATCH = YES;
				COPY_PHASE_STRIP = NO;
				DEBUG_INFORMATION_FORMAT = "dwarf-with-dsym";
				ENABLE_NS_ASSERTIONS = NO;
				ENABLE_STRICT_OBJC_MSGSEND = YES;
				GCC_C_LANGUAGE_STANDARD = gnu11;
				GCC_NO_COMMON_BLOCKS = YES;
				GCC_WARN_64_TO_32_BIT_CONVERSION = YES;
				GCC_WARN_ABOUT_RETURN_TYPE = YES_ERROR;
				GCC_WARN_UNDECLARED_SELECTOR = YES;
				GCC_WARN_UNINITIALIZED_AUTOS = YES_AGGRESSIVE;
				GCC_WARN_UNUSED_FUNCTION = YES;
				GCC_WARN_UNUSED_VARIABLE = YES;
				IPHONEOS_DEPLOYMENT_TARGET = 14.4;
				MTL_ENABLE_DEBUG_INFO = NO;
				MTL_FAST_MATH = YES;
				SDKROOT = iphoneos;
				SWIFT_COMPILATION_MODE = wholemodule;
				SWIFT_OPTIMIZATION_LEVEL = "-O";
				VALIDATE_PRODUCT = YES;
			};
			name = Release;
		};
		17A54D80264514A100EBB42C /* Debug */ = {
			isa = XCBuildConfiguration;
			baseConfigurationReference = 3897FA916A52370115108497 /* Pods-awesomeApp.debug.xcconfig */;
			buildSettings = {
				ASSETCATALOG_COMPILER_APPICON_NAME = AppIcon;
				ASSETCATALOG_COMPILER_GLOBAL_ACCENT_COLOR_NAME = AccentColor;
				CODE_SIGN_STYLE = Automatic;
				DEVELOPMENT_TEAM = DD67N9K6P3;
				INFOPLIST_FILE = awesomeApp/Info.plist;
				LD_RUNPATH_SEARCH_PATHS = (
					"$(inherited)",
					"@executable_path/Frameworks",
				);
				PRODUCT_BUNDLE_IDENTIFIER = budi.awesomeApp;
				PRODUCT_NAME = "$(TARGET_NAME)";
				SWIFT_VERSION = 5.0;
				TARGETED_DEVICE_FAMILY = "1,2";
			};
			name = Debug;
		};
		17A54D81264514A100EBB42C /* Release */ = {
			isa = XCBuildConfiguration;
			baseConfigurationReference = FC0B19BB8E125AC2D081FA88 /* Pods-awesomeApp.release.xcconfig */;
			buildSettings = {
				ASSETCATALOG_COMPILER_APPICON_NAME = AppIcon;
				ASSETCATALOG_COMPILER_GLOBAL_ACCENT_COLOR_NAME = AccentColor;
				CODE_SIGN_STYLE = Automatic;
				DEVELOPMENT_TEAM = DD67N9K6P3;
				INFOPLIST_FILE = awesomeApp/Info.plist;
				LD_RUNPATH_SEARCH_PATHS = (
					"$(inherited)",
					"@executable_path/Frameworks",
				);
				PRODUCT_BUNDLE_IDENTIFIER = budi.awesomeApp;
				PRODUCT_NAME = "$(TARGET_NAME)";
				SWIFT_VERSION = 5.0;
				TARGETED_DEVICE_FAMILY = "1,2";
			};
			name = Release;
		};
/* End XCBuildConfiguration section */

/* Begin XCConfigurationList section */
		17A54D662645149E00EBB42C /* Build configuration list for PBXProject "awesomeApp" */ = {
			isa = XCConfigurationList;
			buildConfigurations = (
				17A54D7D264514A100EBB42C /* Debug */,
				17A54D7E264514A100EBB42C /* Release */,
			);
			defaultConfigurationIsVisible = 0;
			defaultConfigurationName = Release;
		};
		17A54D7F264514A100EBB42C /* Build configuration list for PBXNativeTarget "awesomeApp" */ = {
			isa = XCConfigurationList;
			buildConfigurations = (
				17A54D80264514A100EBB42C /* Debug */,
				17A54D81264514A100EBB42C /* Release */,
			);
			defaultConfigurationIsVisible = 0;
			defaultConfigurationName = Release;
		};
/* End XCConfigurationList section */
	};
	rootObject = 17A54D632645149E00EBB42C /* Project object */;
}
